
Microsoft Visual Studio Solution File, Format Version 12.00
# Visual Studio Version 16
VisualStudioVersion = 16.0.31424.327
MinimumVisualStudioVersion = 10.0.40219.1
Project("{FAE04EC0-301F-11D3-BF4B-00C04F79EFBC}") = "TrianguloOO", "TrianguloOO\TrianguloOO.csproj", "{879F37B5-3A88-4AC5-9C38-E79F57C375D4}"
EndProject
Global
	GlobalSection(SolutionConfigurationPlatforms) = preSolution
		Debug|Any CPU = Debug|Any CPU
		Release|Any CPU = Release|Any CPU
	EndGlobalSection
	GlobalSection(ProjectConfigurationPlatforms) = postSolution
		{879F37B5-3A88-4AC5-9C38-E79F57C375D4}.Debug|Any CPU.ActiveCfg = Debug|Any CPU
		{879F37B5-3A88-4AC5-9C38-E79F57C375D4}.Debug|Any CPU.Build.0 = Debug|Any CPU
		{879F37B5-3A88-4AC5-9C38-E79F57C375D4}.Release|Any CPU.ActiveCfg = Release|Any CPU
		{879F37B5-3A88-4AC5-9C38-E79F57C375D4}.Release|Any CPU.Build.0 = Release|Any CPU
	EndGlobalSection
	GlobalSection(SolutionProperties) = preSolution
		HideSolutionNode = FALSE
	EndGlobalSection
	GlobalSection(ExtensibilityGlobals) = postSolution
		SolutionGuid = {955B7751-1583-42E8-BD35-635B8072BBEF}
	EndGlobalSection
EndGlobal
