
Microsoft Visual Studio Solution File, Format Version 12.00
# Visual Studio Version 16
VisualStudioVersion = 16.0.31424.327
MinimumVisualStudioVersion = 10.0.40219.1
Project("{FAE04EC0-301F-11D3-BF4B-00C04F79EFBC}") = "EstoqueComConstrutor", "EstoqueComConstrutor\EstoqueComConstrutor.csproj", "{F3C7FA95-B1DD-445F-80C2-5F163C3AD8B2}"
EndProject
Global
	GlobalSection(SolutionConfigurationPlatforms) = preSolution
		Debug|Any CPU = Debug|Any CPU
		Release|Any CPU = Release|Any CPU
	EndGlobalSection
	GlobalSection(ProjectConfigurationPlatforms) = postSolution
		{F3C7FA95-B1DD-445F-80C2-5F163C3AD8B2}.Debug|Any CPU.ActiveCfg = Debug|Any CPU
		{F3C7FA95-B1DD-445F-80C2-5F163C3AD8B2}.Debug|Any CPU.Build.0 = Debug|Any CPU
		{F3C7FA95-B1DD-445F-80C2-5F163C3AD8B2}.Release|Any CPU.ActiveCfg = Release|Any CPU
		{F3C7FA95-B1DD-445F-80C2-5F163C3AD8B2}.Release|Any CPU.Build.0 = Release|Any CPU
	EndGlobalSection
	GlobalSection(SolutionProperties) = preSolution
		HideSolutionNode = FALSE
	EndGlobalSection
	GlobalSection(ExtensibilityGlobals) = postSolution
		SolutionGuid = {2BA10F75-5F6D-413D-9A50-2DC3CA601700}
	EndGlobalSection
EndGlobal
